{
    "_meta": {
        "hash": {
            "sha256": "c652232895b0c2db3fca05597e735f26351ed820030af514f46be62845d4a12a"
        },
        "pipfile-spec": 6,
        "requires": {
            "python_version": "3.7"
        },
        "sources": [
            {
                "name": "pypi",
                "url": "https://pypi.org/simple",
                "verify_ssl": true
            }
        ]
    },
    "default": {
        "asyncio": {
            "hashes": [
                "sha256:83360ff8bc97980e4ff25c964c7bd3923d333d177aa4f7fb736b019f26c7cb41",
                "sha256:b62c9157d36187eca799c378e572c969f0da87cd5fc42ca372d92cdb06e7e1de",
                "sha256:c46a87b48213d7464f22d9a497b9eef8c1928b68320a2fa94240f969f6fec08c",
                "sha256:c4d18b22701821de07bd6aea8b53d21449ec0ec5680645e5317062ea21817d2d"
            ],
            "version": "==3.4.3"
        },
        "base58": {
            "hashes": [
                "sha256:1e42993c0628ed4f898c03b522b26af78fb05115732549b21a028bc4633d19ab",
                "sha256:6aa0553e477478993588303c54659d15e3c17ae062508c854a8b752d07c716bd",
                "sha256:9a793c599979c497800eb414c852b80866f28daaed5494703fc129592cc83e60"
            ],
            "version": "==1.0.3"
        },
        "certifi": {
            "hashes": [
                "sha256:046832c04d4e752f37383b628bc601a7ea7211496b4638f6514d0e5b9acc4939",
                "sha256:945e3ba63a0b9f577b1395204e13c3a231f9bc0223888be653286534e5873695"
            ],
            "version": "==2019.6.16"
        },
        "chardet": {
            "hashes": [
                "sha256:84ab92ed1c4d4f16916e05906b6b75a6c0fb5db821cc65e70cbd64a3e2a5eaae",
                "sha256:fc323ffcaeaed0e0a02bf4d117757b98aed530d9ed4531e3e15460124c106691"
            ],
            "version": "==3.0.4"
        },
        "cytoolz": {
            "hashes": [
                "sha256:c64f3590c3eb40e1548f0d3c6b2ccde70493d0b8dc6cc7f9f3fec0bb3dcd4222"
            ],
            "markers": "implementation_name == 'cpython'",
            "version": "==0.11.0"
        },
        "docker": {
            "hashes": [
                "sha256:1c2ddb7a047b2599d1faec00889561316c674f7099427b9c51e8cb804114b553",
                "sha256:ddae66620ab5f4bce769f64bcd7934f880c8abe6aa50986298db56735d0f722e"
            ],
            "markers": "python_version >= '2.7' and python_version not in '3.0, 3.1, 3.2, 3.3, 3.4'",
            "version": "==4.2.0"
        },
        "eth-hash": {
            "hashes": [
                "sha256:1b9cb34dd3cd99c85c2bd6a1420ceae39a2eee8bf080efd264bcda8be3edecc8",
                "sha256:499dc02d098f69856d1a6dd005529c16174157d4fb2a9fe20c41f69e39f8f176"
            ],
            "version": "==0.2.0"
        },
        "eth-keys": {
            "hashes": [
                "sha256:412dd5c9732b8e92af40c9c77597f4661c57eba3897aaa55e527af56a8c5ab47",
                "sha256:a9a1e83e443bd369265b1a1b66dc30f6841bdbb3577ecd042e037b7b405b6cb0"
            ],
            "index": "pypi",
            "version": "==0.3.3"
        },
        "eth-rlp": {
            "hashes": [
                "sha256:d70d3a951989e1f8b7da639c013b7466e0af2835dae3c61fefe9a10fa92f3405",
                "sha256:da86c4a180e9df434d6e4c993486bff8e96c51da39c06fc1c9e8748044dc9c0c"
            ],
            "index": "pypi",
            "version": "==0.2.0"
        },
        "eth-typing": {
            "hashes": [
                "sha256:1140c7592321dbf10d6663c46f7e43eb0e6410b011b03f14b3df3eb1f76aa9bb",
                "sha256:97ba0f83da7cf1d3668f6ed54983f21168076c552762bf5e06d4a20921877f3f"
            ],
            "markers": "python_version >= '3.5' and python_version < '4'",
            "version": "==2.2.2"
        },
        "eth-utils": {
            "hashes": [
                "sha256:11597842b0148c39d2638ad55897f9243479a8369be713b238b0684f8750215e",
                "sha256:ac168aaa241fa0665e758b04009259d1b2b35daa0615fc563aad29f9ffc64d56"
            ],
            "markers": "python_version >= '3.5' and python_version < '4' and python_full_version != '3.5.2'",
            "version": "==1.9.5"
        },
        "hexbytes": {
            "hashes": [
                "sha256:123fcf397f52fc7eb34f43ca9a7930a6acfebcabe8ffaef6c7d3520c2356345a",
                "sha256:a093a5533aa63ca6614246fa97feb693b5813f9e736c38b68fe4e2d8fcc35aa5"
            ],
            "index": "pypi",
            "version": "==0.2.1"
        },
        "idna": {
            "hashes": [
                "sha256:c357b3f628cf53ae2c4c05627ecc484553142ca23264e593d327bcde5e9c3407",
                "sha256:ea8b7f6188e6fa117537c3df7da9fc686d485087abf6ac197f9c46432f7e4a3c"
            ],
            "version": "==2.8"
        },
        "more-itertools": {
            "hashes": [
                "sha256:6f83822ae94818eae2612063a5101a7311e68ae8002005b5e05f03fd74a86a20",
                "sha256:9b30f12df9393f0d28af9210ff8efe48d10c94f73e5daf886f10c4b0b0b4f03c"
            ],
            "markers": "python_version >= '3.5'",
            "version": "==8.5.0"
        },
        "py-bip39-bindings": {
            "hashes": [
                "sha256:227a073b3f187b136316b3fe3ec995371f0392c858a9d26cedc8e681c69537ea",
                "sha256:59793eb59fedaa111f49da60642e68beb6c92fee12a40012654d60f64e8f8cf6",
                "sha256:6954a9757d516a1d565b953132bc82b0d25a485db875d83031416f172c90a42c",
                "sha256:7c7005fd64a3f34b453f140abf5bbfdb7fed0ea974ea3787a3c22b9f84d8bb15",
                "sha256:80ac8bf3ca74943705a63789345a9f7a3fcb7f583c4deb5331c07b4ad1e7d88f",
                "sha256:8135de7296251e26a6971a378ef2b5d12e15467915fb964978a4a206209ab3fa",
                "sha256:8486b1548534b022d88506b62a97abb936a9f51973c83ce60d4401f472426260",
                "sha256:a653041dee1c8cad322b30d84f5714aa2ece2805eb91220104c2c90f39a6cf92",
                "sha256:abd4e9b92809185424b15f6197ffb46dede36bbce488bbf4992989a6a0c70446",
                "sha256:ad9964e874461a5e62b7b914c9b86fc1b1dd77a508075994aae91a15c42f89c2",
                "sha256:c3eda5bc475f23b6a0053990943960ddc90349f21f8db87949ff5efa065eab72",
                "sha256:dccd5516df07ac47c5fa3cf12c567a4d041a928ee775b5b5c121d73d64d3cc01",
                "sha256:ef80e0a944d54af3165b28f6817942e5ddd92d8c9eca16d7e8275d19f539a636"
            ],
            "version": "==0.1.6"
        },
        "py-sr25519-bindings": {
            "hashes": [
                "sha256:11e33595ee3fcf780be7c66111f6eec2e5d966cac075a25df16683e6932c1cae",
                "sha256:337a4dcd8c3091e4f233bb5e47f9a5e06aa6afdeb2474c962d4b5e86c5ddfc8f",
                "sha256:4dc69a663459992763e226bf884bb6a632db32ffb4edca3aba366f6847793d9d",
                "sha256:5406edb63da0b1034c43c0d18b16e4cbf2392519cc15e19beba86c61af418dab",
                "sha256:6b8f20278bc7fd1e078bfbfbaaebdd1e5cae86a31e9e92f3c330c0e2560e69e3",
                "sha256:73384952f99c7fe342f261c4100627ecaa60c598630efd0fc201ce0411777689",
                "sha256:b02838df9baffb3ed00b67f8d750f043a8fcb09d10b290c319abdf98b2a33c40",
                "sha256:c128c801f81f788ed32bd46c2836c13a41c3374f4172030ee4df1c8be258035b",
                "sha256:c1de9d146f89004a783e68ee3ba095944d421d3ac6263a69a2a8bb8e8aa928cc",
                "sha256:c35809c375b00f5b59bd9d459dd88d36632834813c474c0b86e065611852c470",
                "sha256:d40f8e89ba3c7eae7231683f168a273ed892b305d39c5e2f93abe016e58c5f53",
                "sha256:d8433bca61e077ea210573e9a2f18342942feae143fc0bd9e7202c6eec5a5200",
                "sha256:f40b83ca8ea93251ef34999f27a3e86f78490f3bea164a00e5b63a60407103fc"
            ],
            "version": "==0.1.2"
        },
        "requests": {
            "hashes": [
                "sha256:11e007a8a2aa0323f5a921e9e6a2d7e4e67d9877e85773fba9ba6419025cbeb4",
                "sha256:9cf5292fcd0f598c671cfc1e0d7d1a7f13bb8085e9a590f48c010551dc6c4b31"
            ],
            "index": "pypi",
            "version": "==2.22.0"
        },
        "rlp": {
            "hashes": [
                "sha256:27273fc2dbc3513c1e05ea6b8af28aac8745fb09c164e39e2ed2807bf7e1b342",
                "sha256:97b7e770f16442772311b33e6bc28b45318e7c8def69b9df16452304e224e9df"
            ],
            "version": "==1.2.0"
        },
        "scalecodec": {
            "hashes": [
                "sha256:4a47a8ad6819b7c894755fd3a5a05bdfaa3b2323e9d97132a3b37f6cf04f83bc",
                "sha256:5ba3168dc472aeb778dc8390508bc00ba76b8723be366c6e6ba98afa77da99fe"
            ],
            "markers": "python_version >= '3.6' and python_version < '4'",
            "version": "==0.10.16"
        },
        "six": {
            "hashes": [
                "sha256:30639c035cdb23534cd4aa2dd52c3bf48f06e5f4a941509c8bafd8ce11080259",
                "sha256:8b74bedcbbbaca38ff6d7491d76f2b06b3592611af620f8426e82dddb04a5ced"
            ],
            "markers": "python_version >= '2.7' and python_version not in '3.0, 3.1, 3.2, 3.3'",
            "version": "==1.15.0"
        },
        "substrate-interface": {
            "hashes": [
                "sha256:6ebd65cd2e1ed8e3e0421cc1315066ccdaa867a9c053b6f7ada35cb762224068",
                "sha256:decee8101de6bee5e8eb47eaa263948b7f710861872dde44cb58984df685aab0"
            ],
            "index": "pypi",
            "version": "==0.9.19"
        },
        "toolz": {
            "hashes": [
                "sha256:1bc473acbf1a1db4e72a1ce587be347450e8f08324908b8a266b486f408f04d5",
                "sha256:c7a47921f07822fe534fb1c01c9931ab335a4390c782bd28c6bcc7c2f71f3fbf"
            ],
            "markers": "python_version >= '3.5'",
            "version": "==0.11.1"
        },
        "urllib3": {
            "hashes": [
                "sha256:b246607a25ac80bedac05c6f282e3cdaf3afb65420fd024ac94435cabe6e18d1",
                "sha256:dbe59173209418ae49d485b87d1681aefa36252ee85884c31346debd19463232"
            ],
            "markers": "python_version >= '2.7' and python_version not in '3.0, 3.1, 3.2, 3.3' and python_version < '4'",
            "version": "==1.25.3"
        },
        "websocket-client": {
            "hashes": [
                "sha256:0fc45c961324d79c781bab301359d5a1b00b13ad1b10415a4780229ef71a5549",
                "sha256:d735b91d6d1692a6a181f2a8c9e0238e5f6373356f561bb9dc4c7af36f452010"
            ],
            "version": "==0.57.0"
        },
        "websockets": {
            "hashes": [
                "sha256:0e4fb4de42701340bd2353bb2eee45314651caa6ccee80dbd5f5d5978888fed5",
                "sha256:1d3f1bf059d04a4e0eb4985a887d49195e15ebabc42364f4eb564b1d065793f5",
                "sha256:20891f0dddade307ffddf593c733a3fdb6b83e6f9eef85908113e628fa5a8308",
                "sha256:295359a2cc78736737dd88c343cd0747546b2174b5e1adc223824bcaf3e164cb",
                "sha256:2db62a9142e88535038a6bcfea70ef9447696ea77891aebb730a333a51ed559a",
                "sha256:3762791ab8b38948f0c4d281c8b2ddfa99b7e510e46bd8dfa942a5fff621068c",
                "sha256:3db87421956f1b0779a7564915875ba774295cc86e81bc671631379371af1170",
                "sha256:3ef56fcc7b1ff90de46ccd5a687bbd13a3180132268c4254fc0fa44ecf4fc422",
                "sha256:4f9f7d28ce1d8f1295717c2c25b732c2bc0645db3215cf757551c392177d7cb8",
                "sha256:5c01fd846263a75bc8a2b9542606927cfad57e7282965d96b93c387622487485",
                "sha256:5c65d2da8c6bce0fca2528f69f44b2f977e06954c8512a952222cea50dad430f",
                "sha256:751a556205d8245ff94aeef23546a1113b1dd4f6e4d102ded66c39b99c2ce6c8",
                "sha256:7ff46d441db78241f4c6c27b3868c9ae71473fe03341340d2dfdbe8d79310acc",
                "sha256:965889d9f0e2a75edd81a07592d0ced54daa5b0785f57dc429c378edbcffe779",
                "sha256:9b248ba3dd8a03b1a10b19efe7d4f7fa41d158fdaa95e2cf65af5a7b95a4f989",
                "sha256:9bef37ee224e104a413f0780e29adb3e514a5b698aabe0d969a6ba426b8435d1",
                "sha256:c1ec8db4fac31850286b7cd3b9c0e1b944204668b8eb721674916d4e28744092",
                "sha256:c8a116feafdb1f84607cb3b14aa1418424ae71fee131642fc568d21423b51824",
                "sha256:ce85b06a10fc65e6143518b96d3dca27b081a740bae261c2fb20375801a9d56d",
                "sha256:d705f8aeecdf3262379644e4b55107a3b55860eb812b673b28d0fbc347a60c55",
                "sha256:e898a0863421650f0bebac8ba40840fc02258ef4714cb7e1fd76b6a6354bda36",
                "sha256:f8a7bff6e8664afc4e6c28b983845c5bc14965030e3fb98789734d416af77c4b"
            ],
            "markers": "python_full_version >= '3.6.1'",
            "version": "==8.1"
        },
        "xxhash": {
            "hashes": [
                "sha256:09348353a81d58877f5894282ac610e38c8f707f5a4d7f227bd42aa02ccd1207",
                "sha256:0d5b8c59e6dc6492c50cbea231d3f9ce614222bc7f3ff24456fa1fd5db32a4d2",
                "sha256:147631a69867ade86b7116bb02c100941415bb84363cdfb7ca774dfc1f367a52",
                "sha256:1b9ededf6c73abea9e8b0fcf43c506c8cfcb5f7c5057eb8dbf4bfab55e378347",
                "sha256:1f631b4d3c1d73d1ba9a13960f4cdac1e7dafd15dbe14f078510663d954dfaaf",
                "sha256:26b95266dad99ff5ecac86f9bca5fc0b269fd77a785f353bab4180862d93bb70",
                "sha256:33e3c22b611d2935f8bc814fad99d1f19244843552af845913313c8e401403df",
                "sha256:4ca9dd7c1661dbe1fcb5b8c32d0f7fc8df867b470f8460292698adbc2c703461",
                "sha256:539a5e5c0e500930d86edc77dbcb54d751d54e61d41b87eb62cfd48f720abd46",
                "sha256:5be38fc141ec4b9925a0e931e8c64d6fee0fa3fa3432b0c15f72312d862c9f84",
                "sha256:5d9ac829454ea84ce9db2cfa16545c7dcdca92a8175ed90a8bb3ca5448510743",
                "sha256:609de1b5f737a7e0f169a16566c66aa65007d9ba4c63efda658eb3b46735c00c",
                "sha256:7e4db456dd7f00a549ac37b8e443b4996786253c5af93e93c3a7d9990720ccb0",
                "sha256:8362fb529a13dfbb40fa1695b215c06c343726f4bbc96a3baf6e05e919397a62",
                "sha256:8b0398edaae5eaffae1d73f724dfe40214f0617a944950a5eacea639566b0306",
                "sha256:8cd4ea448e470258fe365b1a186c3fb8056ef87290289aabd9279822125a0331",
                "sha256:8efc754cbfec49b788d99d520684117a8a0c333886abf765a3bc167ff56d186c",
                "sha256:93947f95f2c2dd708cc8a2f0a3b196ecaa86597df47f1c275c5e9cfb009e8669",
                "sha256:9996f9f22601e13c58604e641c031e7a917f5c44d1742ac5d80f90700182c273",
                "sha256:9cfb088f24f624572b9ee77adefe0e671ff1d290ff303540c5f06c1411b9e3ee",
                "sha256:b977de70a4d0bd8220d69aa76e1913c6878c9a24be5b3b3d8defff9aae1e8be8",
                "sha256:bca53b35bf58f1ef649616116dcd9bd45317b82da568e77c7b70ef54941360e5",
                "sha256:bda68ba4dd12852b0823bef1c269c2ce51275a7c07f8eb8631319ab0583f933b",
                "sha256:c29a6c532e9de676363c50500b26792085860e64afe7ed4f6e02680eaa88abbf",
                "sha256:d09977efe572a147864591bdbee403b8f5057c0b7b4a4f2432218d7681005518",
                "sha256:d1b4bb316fcd47c9e2d90c328542578058816b285afe089884cbce70f97594ae",
                "sha256:dc8cece6e5b99230905881d456b54b2748f4d048ba375b4bb27dce606cd70583",
                "sha256:fe21f23a9d05428c75461790b670f2bf15f50a632d6c171a7e7b588269c619e6"
            ],
            "markers": "python_version >= '2.6' and python_version not in '3.0, 3.1, 3.2, 3.3'",
            "version": "==1.3.0"
        }
    },
    "develop": {
        "astroid": {
            "hashes": [
                "sha256:2f4078c2a41bf377eea06d71c9d2ba4eb8f6b1af2135bec27bbbb7d8f12bb703",
                "sha256:bc58d83eb610252fd8de6363e39d4f1d0619c894b0ed24603b881c02e64c7386"
            ],
            "markers": "python_version >= '3.5'",
            "version": "==2.4.2"
        },
        "isort": {
            "hashes": [
                "sha256:36f0c6659b9000597e92618d05b72d4181104cf59472b1c6a039e3783f930c95",
                "sha256:ba040c24d20aa302f78f4747df549573ae1eaf8e1084269199154da9c483f07f"
            ],
            "markers": "python_version >= '3.6' and python_version < '4.0'",
            "version": "==5.5.4"
        },
        "lazy-object-proxy": {
            "hashes": [
                "sha256:0c4b206227a8097f05c4dbdd323c50edf81f15db3b8dc064d08c62d37e1a504d",
                "sha256:194d092e6f246b906e8f70884e620e459fc54db3259e60cf69a4d66c3fda3449",
                "sha256:1be7e4c9f96948003609aa6c974ae59830a6baecc5376c25c92d7d697e684c08",
                "sha256:4677f594e474c91da97f489fea5b7daa17b5517190899cf213697e48d3902f5a",
                "sha256:48dab84ebd4831077b150572aec802f303117c8cc5c871e182447281ebf3ac50",
                "sha256:5541cada25cd173702dbd99f8e22434105456314462326f06dba3e180f203dfd",
                "sha256:59f79fef100b09564bc2df42ea2d8d21a64fdcda64979c0fa3db7bdaabaf6239",
                "sha256:8d859b89baf8ef7f8bc6b00aa20316483d67f0b1cbf422f5b4dc56701c8f2ffb",
                "sha256:9254f4358b9b541e3441b007a0ea0764b9d056afdeafc1a5569eee1cc6c1b9ea",
                "sha256:9651375199045a358eb6741df3e02a651e0330be090b3bc79f6d0de31a80ec3e",
                "sha256:97bb5884f6f1cdce0099f86b907aa41c970c3c672ac8b9c8352789e103cf3156",
                "sha256:9b15f3f4c0f35727d3a0fba4b770b3c4ebbb1fa907dbcc046a1d2799f3edd142",
                "sha256:a2238e9d1bb71a56cd710611a1614d1194dc10a175c1e08d75e1a7bcc250d442",
                "sha256:a6ae12d08c0bf9909ce12385803a543bfe99b95fe01e752536a60af2b7797c62",
                "sha256:ca0a928a3ddbc5725be2dd1cf895ec0a254798915fb3a36af0964a0a4149e3db",
                "sha256:cb2c7c57005a6804ab66f106ceb8482da55f5314b7fcb06551db1edae4ad1531",
                "sha256:d74bb8693bf9cf75ac3b47a54d716bbb1a92648d5f781fc799347cfc95952383",
                "sha256:d945239a5639b3ff35b70a88c5f2f491913eb94871780ebfabb2568bd58afc5a",
                "sha256:eba7011090323c1dadf18b3b689845fd96a61ba0a1dfbd7f24b921398affc357",
                "sha256:efa1909120ce98bbb3777e8b6f92237f5d5c8ea6758efea36a473e1d38f7d3e4",
                "sha256:f3900e8a5de27447acbf900b4750b0ddfd7ec1ea7fbaf11dfa911141bc522af0"
            ],
            "markers": "python_version >= '2.7' and python_version not in '3.0, 3.1, 3.2, 3.3'",
            "version": "==1.4.3"
        },
        "mccabe": {
            "hashes": [
                "sha256:ab8a6258860da4b6677da4bd2fe5dc2c659cff31b3ee4f7f5d64e79735b80d42",
                "sha256:dd8d182285a0fe56bace7f45b5e7d1a6ebcbf524e8f3bd87eb0f125271b8831f"
            ],
            "version": "==0.6.1"
        },
        "pylint": {
            "hashes": [
                "sha256:bb4a908c9dadbc3aac18860550e870f58e1a02c9f2c204fdf5693d73be061210",
                "sha256:bfe68f020f8a0fece830a22dd4d5dddb4ecc6137db04face4c3420a46a52239f"
            ],
            "index": "pypi",
            "version": "==2.6.0"
        },
        "six": {
            "hashes": [
                "sha256:30639c035cdb23534cd4aa2dd52c3bf48f06e5f4a941509c8bafd8ce11080259",
                "sha256:8b74bedcbbbaca38ff6d7491d76f2b06b3592611af620f8426e82dddb04a5ced"
            ],
            "markers": "python_version >= '2.7' and python_version not in '3.0, 3.1, 3.2, 3.3'",
            "version": "==1.15.0"
        },
        "toml": {
            "hashes": [
                "sha256:926b612be1e5ce0634a2ca03470f95169cf16f939018233a670519cb4ac58b0f",
                "sha256:bda89d5935c2eac546d648028b9901107a595863cb36bae0c73ac804a9b4ce88"
            ],
            "version": "==0.10.1"
        },
        "typed-ast": {
            "hashes": [
                "sha256:0666aa36131496aed8f7be0410ff974562ab7eeac11ef351def9ea6fa28f6355",
                "sha256:0c2c07682d61a629b68433afb159376e24e5b2fd4641d35424e462169c0a7919",
                "sha256:249862707802d40f7f29f6e1aad8d84b5aa9e44552d2cc17384b209f091276aa",
                "sha256:24995c843eb0ad11a4527b026b4dde3da70e1f2d8806c99b7b4a7cf491612652",
                "sha256:269151951236b0f9a6f04015a9004084a5ab0d5f19b57de779f908621e7d8b75",
                "sha256:4083861b0aa07990b619bd7ddc365eb7fa4b817e99cf5f8d9cf21a42780f6e01",
                "sha256:498b0f36cc7054c1fead3d7fc59d2150f4d5c6c56ba7fb150c013fbc683a8d2d",
                "sha256:4e3e5da80ccbebfff202a67bf900d081906c358ccc3d5e3c8aea42fdfdfd51c1",
                "sha256:6daac9731f172c2a22ade6ed0c00197ee7cc1221aa84cfdf9c31defeb059a907",
                "sha256:715ff2f2df46121071622063fc7543d9b1fd19ebfc4f5c8895af64a77a8c852c",
                "sha256:73d785a950fc82dd2a25897d525d003f6378d1cb23ab305578394694202a58c3",
                "sha256:8c8aaad94455178e3187ab22c8b01a3837f8ee50e09cf31f1ba129eb293ec30b",
                "sha256:8ce678dbaf790dbdb3eba24056d5364fb45944f33553dd5869b7580cdbb83614",
                "sha256:aaee9905aee35ba5905cfb3c62f3e83b3bec7b39413f0a7f19be4e547ea01ebb",
                "sha256:bcd3b13b56ea479b3650b82cabd6b5343a625b0ced5429e4ccad28a8973f301b",
                "sha256:c9e348e02e4d2b4a8b2eedb48210430658df6951fa484e59de33ff773fbd4b41",
                "sha256:d205b1b46085271b4e15f670058ce182bd1199e56b317bf2ec004b6a44f911f6",
                "sha256:d43943ef777f9a1c42bf4e552ba23ac77a6351de620aa9acf64ad54933ad4d34",
                "sha256:d5d33e9e7af3b34a40dc05f498939f0ebf187f07c385fd58d591c533ad8562fe",
                "sha256:fc0fea399acb12edbf8a628ba8d2312f583bdbdb3335635db062fa98cf71fca4",
                "sha256:fe460b922ec15dd205595c9b5b99e2f056fd98ae8f9f56b888e7a17dc2b757e7"
            ],
            "markers": "python_version < '3.8' and implementation_name == 'cpython'",
            "version": "==1.4.1"
        },
        "wrapt": {
            "hashes": [
                "sha256:b62ffa81fb85f4332a4f609cab4ac40709470da05643a082ec1eb88e6d9b97d7"
            ],
            "version": "==1.12.1"
        }
    }
}
